// !$*UTF8*$!
{
	archiveVersion = 1;
	classes = {
	};
	objectVersion = 77;
	objects = {

/* Begin PBXBuildFile section */
		03C1D0452EE8B07D009E70C2 /* DataLayer in Frameworks */ = {isa = PBXBuildFile; productRef = 03C1D0442EE8B07D009E70C2 /* DataLayer */; };
		03C1D0472EE8B081009E70C2 /* DomainLayer in Frameworks */ = {isa = PBXBuildFile; productRef = 03C1D0462EE8B081009E70C2 /* DomainLayer */; };
/* End PBXBuildFile section */

/* Begin PBXContainerItemProxy section */
		03D0163A2EE74431006CDCCD /* PBXContainerItemProxy */ = {
			isa = PBXContainerItemProxy;
			containerPortal = 03D016242EE7442F006CDCCD /* Project object */;
			proxyType = 1;
			remoteGlobalIDString = 03D0162B2EE7442F006CDCCD;
			remoteInfo = WikiPlaces;
		};
		03D016442EE74431006CDCCD /* PBXContainerItemProxy */ = {
			isa = PBXContainerItemProxy;
			containerPortal = 03D016242EE7442F006CDCCD /* Project object */;
			proxyType = 1;
			remoteGlobalIDString = 03D0162B2EE7442F006CDCCD;
			remoteInfo = WikiPlaces;
		};
/* End PBXContainerItemProxy section */

/* Begin PBXFileReference section */
		03D0162C2EE7442F006CDCCD /* WikiPlaces.app */ = {isa = PBXFileReference; explicitFileType = wrapper.application; includeInIndex = 0; path = WikiPlaces.app; sourceTree = BUILT_PRODUCTS_DIR; };
		03D016392EE74431006CDCCD /* WikiPlacesTests.xctest */ = {isa = PBXFileReference; explicitFileType = wrapper.cfbundle; includeInIndex = 0; path = WikiPlacesTests.xctest; sourceTree = BUILT_PRODUCTS_DIR; };
		03D016432EE74431006CDCCD /* WikiPlacesUITests.xctest */ = {isa = PBXFileReference; explicitFileType = wrapper.cfbundle; includeInIndex = 0; path = WikiPlacesUITests.xctest; sourceTree = BUILT_PRODUCTS_DIR; };
		03D28CD32EE8D55400FE68DA /* WikiPlaces.xctestplan */ = {isa = PBXFileReference; lastKnownFileType = text; path = WikiPlaces.xctestplan; sourceTree = "<group>"; };
/* End PBXFileReference section */

/* Begin PBXFileSystemSynchronizedRootGroup section */
		03D0162E2EE7442F006CDCCD /* WikiPlaces */ = {
			isa = PBXFileSystemSynchronizedRootGroup;
			path = WikiPlaces;
			sourceTree = "<group>";
		};
		03D0163C2EE74431006CDCCD /* WikiPlacesTests */ = {
			isa = PBXFileSystemSynchronizedRootGroup;
			path = WikiPlacesTests;
			sourceTree = "<group>";
		};
		03D016462EE74431006CDCCD /* WikiPlacesUITests */ = {
			isa = PBXFileSystemSynchronizedRootGroup;
			path = WikiPlacesUITests;
			sourceTree = "<group>";
		};
/* End PBXFileSystemSynchronizedRootGroup section */

/* Begin PBXFrameworksBuildPhase section */
		03D016292EE7442F006CDCCD /* Frameworks */ = {
			isa = PBXFrameworksBuildPhase;
			buildActionMask = 2147483647;
			files = (
				03C1D0472EE8B081009E70C2 /* DomainLayer in Frameworks */,
				03C1D0452EE8B07D009E70C2 /* DataLayer in Frameworks */,
			);
			runOnlyForDeploymentPostprocessing = 0;
		};
		03D016362EE74431006CDCCD /* Frameworks */ = {
			isa = PBXFrameworksBuildPhase;
			buildActionMask = 2147483647;
			files = (
			);
			runOnlyForDeploymentPostprocessing = 0;
		};
		03D016402EE74431006CDCCD /* Frameworks */ = {
			isa = PBXFrameworksBuildPhase;
			buildActionMask = 2147483647;
			files = (
			);
			runOnlyForDeploymentPostprocessing = 0;
		};
/* End PBXFrameworksBuildPhase section */

/* Begin PBXGroup section */
		03C1D0432EE8B07D009E70C2 /* Frameworks */ = {
			isa = PBXGroup;
			children = (
			);
			name = Frameworks;
			sourceTree = "<group>";
		};
		03D016232EE7442F006CDCCD = {
			isa = PBXGroup;
			children = (
				03D28CD32EE8D55400FE68DA /* WikiPlaces.xctestplan */,
				03D0162E2EE7442F006CDCCD /* WikiPlaces */,
				03D0163C2EE74431006CDCCD /* WikiPlacesTests */,
				03D016462EE74431006CDCCD /* WikiPlacesUITests */,
				03C1D0432EE8B07D009E70C2 /* Frameworks */,
				03D0162D2EE7442F006CDCCD /* Products */,
			);
			sourceTree = "<group>";
		};
		03D0162D2EE7442F006CDCCD /* Products */ = {
			isa = PBXGroup;
			children = (
				03D0162C2EE7442F006CDCCD /* WikiPlaces.app */,
				03D016392EE74431006CDCCD /* WikiPlacesTests.xctest */,
				03D016432EE74431006CDCCD /* WikiPlacesUITests.xctest */,
			);
			name = Products;
			sourceTree = "<group>";
		};
/* End PBXGroup section */

/* Begin PBXNativeTarget section */
		03D0162B2EE7442F006CDCCD /* WikiPlaces */ = {
			isa = PBXNativeTarget;
			buildConfigurationList = 03D0164D2EE74431006CDCCD /* Build configuration list for PBXNativeTarget "WikiPlaces" */;
			buildPhases = (
				03D016282EE7442F006CDCCD /* Sources */,
				03D016292EE7442F006CDCCD /* Frameworks */,
				03D0162A2EE7442F006CDCCD /* Resources */,
			);
			buildRules = (
			);
			dependencies = (
			);
			fileSystemSynchronizedGroups = (
				03D0162E2EE7442F006CDCCD /* WikiPlaces */,
			);
			name = WikiPlaces;
			packageProductDependencies = (
				03C1D0442EE8B07D009E70C2 /* DataLayer */,
				03C1D0462EE8B081009E70C2 /* DomainLayer */,
			);
			productName = WikiPlaces;
			productReference = 03D0162C2EE7442F006CDCCD /* WikiPlaces.app */;
			productType = "com.apple.product-type.application";
		};
		03D016382EE74431006CDCCD /* WikiPlacesTests */ = {
			isa = PBXNativeTarget;
			buildConfigurationList = 03D016502EE74431006CDCCD /* Build configuration list for PBXNativeTarget "WikiPlacesTests" */;
			buildPhases = (
				03D016352EE74431006CDCCD /* Sources */,
				03D016362EE74431006CDCCD /* Frameworks */,
				03D016372EE74431006CDCCD /* Resources */,
			);
			buildRules = (
			);
			dependencies = (
				03D0163B2EE74431006CDCCD /* PBXTargetDependency */,
			);
			fileSystemSynchronizedGroups = (
				03D0163C2EE74431006CDCCD /* WikiPlacesTests */,
			);
			name = WikiPlacesTests;
			packageProductDependencies = (
			);
			productName = WikiPlacesTests;
			productReference = 03D016392EE74431006CDCCD /* WikiPlacesTests.xctest */;
			productType = "com.apple.product-type.bundle.unit-test";
		};
		03D016422EE74431006CDCCD /* WikiPlacesUITests */ = {
			isa = PBXNativeTarget;
			buildConfigurationList = 03D016532EE74431006CDCCD /* Build configuration list for PBXNativeTarget "WikiPlacesUITests" */;
			buildPhases = (
				03D0163F2EE74431006CDCCD /* Sources */,
				03D016402EE74431006CDCCD /* Frameworks */,
				03D016412EE74431006CDCCD /* Resources */,
			);
			buildRules = (
			);
			dependencies = (
				03D016452EE74431006CDCCD /* PBXTargetDependency */,
			);
			fileSystemSynchronizedGroups = (
				03D016462EE74431006CDCCD /* WikiPlacesUITests */,
			);
			name = WikiPlacesUITests;
			packageProductDependencies = (
			);
			productName = WikiPlacesUITests;
			productReference = 03D016432EE74431006CDCCD /* WikiPlacesUITests.xctest */;
			productType = "com.apple.product-type.bundle.ui-testing";
		};
/* End PBXNativeTarget section */

/* Begin PBXProject section */
		03D016242EE7442F006CDCCD /* Project object */ = {
			isa = PBXProject;
			attributes = {
				BuildIndependentTargetsInParallel = 1;
				LastSwiftUpdateCheck = 2610;
				LastUpgradeCheck = 2610;
				TargetAttributes = {
					03D0162B2EE7442F006CDCCD = {
						CreatedOnToolsVersion = 26.1.1;
					};
					03D016382EE74431006CDCCD = {
						CreatedOnToolsVersion = 26.1.1;
						TestTargetID = 03D0162B2EE7442F006CDCCD;
					};
					03D016422EE74431006CDCCD = {
						CreatedOnToolsVersion = 26.1.1;
						TestTargetID = 03D0162B2EE7442F006CDCCD;
					};
				};
			};
			buildConfigurationList = 03D016272EE7442F006CDCCD /* Build configuration list for PBXProject "WikiPlaces" */;
			developmentRegion = en;
			hasScannedForEncodings = 0;
			knownRegions = (
				en,
				Base,
				nl,
			);
			mainGroup = 03D016232EE7442F006CDCCD;
			minimizedProjectReferenceProxies = 1;
			packageReferences = (
			);
			preferredProjectObjectVersion = 77;
			productRefGroup = 03D0162D2EE7442F006CDCCD /* Products */;
			projectDirPath = "";
			projectRoot = "";
			targets = (
				03D0162B2EE7442F006CDCCD /* WikiPlaces */,
				03D016382EE74431006CDCCD /* WikiPlacesTests */,
				03D016422EE74431006CDCCD /* WikiPlacesUITests */,
			);
		};
/* End PBXProject section */

/* Begin PBXResourcesBuildPhase section */
		03D0162A2EE7442F006CDCCD /* Resources */ = {
			isa = PBXResourcesBuildPhase;
			buildActionMask = 2147483647;
			files = (
			);
			runOnlyForDeploymentPostprocessing = 0;
		};
		03D016372EE74431006CDCCD /* Resources */ = {
			isa = PBXResourcesBuildPhase;
			buildActionMask = 2147483647;
			files = (
			);
			runOnlyForDeploymentPostprocessing = 0;
		};
		03D016412EE74431006CDCCD /* Resources */ = {
			isa = PBXResourcesBuildPhase;
			buildActionMask = 2147483647;
			files = (
			);
			runOnlyForDeploymentPostprocessing = 0;
		};
/* End PBXResourcesBuildPhase section */

/* Begin PBXSourcesBuildPhase section */
		03D016282EE7442F006CDCCD /* Sources */ = {
			isa = PBXSourcesBuildPhase;
			buildActionMask = 2147483647;
			files = (
			);
			runOnlyForDeploymentPostprocessing = 0;
		};
		03D016352EE74431006CDCCD /* Sources */ = {
			isa = PBXSourcesBuildPhase;
			buildActionMask = 2147483647;
			files = (
			);
			runOnlyForDeploymentPostprocessing = 0;
		};
		03D0163F2EE74431006CDCCD /* Sources */ = {
			isa = PBXSourcesBuildPhase;
			buildActionMask = 2147483647;
			files = (
			);
			runOnlyForDeploymentPostprocessing = 0;
		};
/* End PBXSourcesBuildPhase section */

/* Begin PBXTargetDependency section */
		03D0163B2EE74431006CDCCD /* PBXTargetDependency */ = {
			isa = PBXTargetDependency;
			target = 03D0162B2EE7442F006CDCCD /* WikiPlaces */;
			targetProxy = 03D0163A2EE74431006CDCCD /* PBXContainerItemProxy */;
		};
		03D016452EE74431006CDCCD /* PBXTargetDependency */ = {
			isa = PBXTargetDependency;
			target = 03D0162B2EE7442F006CDCCD /* WikiPlaces */;
			targetProxy = 03D016442EE74431006CDCCD /* PBXContainerItemProxy */;
		};
/* End PBXTargetDependency section */

/* Begin XCBuildConfiguration section */
		03D0164B2EE74431006CDCCD /* Debug */ = {
			isa = XCBuildConfiguration;
			buildSettings = {
				ALWAYS_SEARCH_USER_PATHS = NO;
				ASSETCATALOG_COMPILER_GENERATE_SWIFT_ASSET_SYMBOL_EXTENSIONS = YES;
				CLANG_ANALYZER_NONNULL = YES;
				CLANG_ANALYZER_NUMBER_OBJECT_CONVERSION = YES_AGGRESSIVE;
				CLANG_CXX_LANGUAGE_STANDARD = "gnu++20";
				CLANG_ENABLE_MODULES = YES;
				CLANG_ENABLE_OBJC_ARC = YES;
				CLANG_ENABLE_OBJC_WEAK = YES;
				CLANG_WARN_BLOCK_CAPTURE_AUTORELEASING = YES;
				CLANG_WARN_BOOL_CONVERSION = YES;
				CLANG_WARN_COMMA = YES;
				CLANG_WARN_CONSTANT_CONVERSION = YES;
				CLANG_WARN_DEPRECATED_OBJC_IMPLEMENTATIONS = YES;
				CLANG_WARN_DIRECT_OBJC_ISA_USAGE = YES_ERROR;
				CLANG_WARN_DOCUMENTATION_COMMENTS = YES;
				CLANG_WARN_EMPTY_BODY = YES;
				CLANG_WARN_ENUM_CONVERSION = YES;
				CLANG_WARN_INFINITE_RECURSION = YES;
				CLANG_WARN_INT_CONVERSION = YES;
				CLANG_WARN_NON_LITERAL_NULL_CONVERSION = YES;
				CLANG_WARN_OBJC_IMPLICIT_RETAIN_SELF = YES;
				CLANG_WARN_OBJC_LITERAL_CONVERSION = YES;
				CLANG_WARN_OBJC_ROOT_CLASS = YES_ERROR;
				CLANG_WARN_QUOTED_INCLUDE_IN_FRAMEWORK_HEADER = YES;
				CLANG_WARN_RANGE_LOOP_ANALYSIS = YES;
				CLANG_WARN_STRICT_PROTOTYPES = YES;
				CLANG_WARN_SUSPICIOUS_MOVE = YES;
				CLANG_WARN_UNGUARDED_AVAILABILITY = YES_AGGRESSIVE;
				CLANG_WARN_UNREACHABLE_CODE = YES;
				CLANG_WARN__DUPLICATE_METHOD_MATCH = YES;
				COPY_PHASE_STRIP = NO;
				DEBUG_INFORMATION_FORMAT = dwarf;
				DEVELOPMENT_TEAM = 46748U3BA4;
				ENABLE_STRICT_OBJC_MSGSEND = YES;
				ENABLE_TESTABILITY = YES;
				ENABLE_USER_SCRIPT_SANDBOXING = YES;
				GCC_C_LANGUAGE_STANDARD = gnu17;
				GCC_DYNAMIC_NO_PIC = NO;
				GCC_NO_COMMON_BLOCKS = YES;
				GCC_OPTIMIZATION_LEVEL = 0;
				GCC_PREPROCESSOR_DEFINITIONS = (
					"DEBUG=1",
					"$(inherited)",
				);
				GCC_WARN_64_TO_32_BIT_CONVERSION = YES;
				GCC_WARN_ABOUT_RETURN_TYPE = YES_ERROR;
				GCC_WARN_UNDECLARED_SELECTOR = YES;
				GCC_WARN_UNINITIALIZED_AUTOS = YES_AGGRESSIVE;
				GCC_WARN_UNUSED_FUNCTION = YES;
				GCC_WARN_UNUSED_VARIABLE = YES;
				IPHONEOS_DEPLOYMENT_TARGET = 26.1;
				LOCALIZATION_PREFERS_STRING_CATALOGS = YES;
				MTL_ENABLE_DEBUG_INFO = INCLUDE_SOURCE;
				MTL_FAST_MATH = YES;
				ONLY_ACTIVE_ARCH = YES;
				SDKROOT = iphoneos;
				STRING_CATALOG_GENERATE_SYMBOLS = YES;
				SWIFT_ACTIVE_COMPILATION_CONDITIONS = "DEBUG $(inherited)";
				SWIFT_EMIT_LOC_STRINGS = YES;
				SWIFT_OPTIMIZATION_LEVEL = "-Onone";
			};
			name = Debug;
		};
		03D0164C2EE74431006CDCCD /* Release */ = {
			isa = XCBuildConfiguration;
			buildSettings = {
				ALWAYS_SEARCH_USER_PATHS = NO;
				ASSETCATALOG_COMPILER_GENERATE_SWIFT_ASSET_SYMBOL_EXTENSIONS = YES;
				CLANG_ANALYZER_NONNULL = YES;
				CLANG_ANALYZER_NUMBER_OBJECT_CONVERSION = YES_AGGRESSIVE;
				CLANG_CXX_LANGUAGE_STANDARD = "gnu++20";
				CLANG_ENABLE_MODULES = YES;
				CLANG_ENABLE_OBJC_ARC = YES;
				CLANG_ENABLE_OBJC_WEAK = YES;
				CLANG_WARN_BLOCK_CAPTURE_AUTORELEASING = YES;
				CLANG_WARN_BOOL_CONVERSION = YES;
				CLANG_WARN_COMMA = YES;
				CLANG_WARN_CONSTANT_CONVERSION = YES;
				CLANG_WARN_DEPRECATED_OBJC_IMPLEMENTATIONS = YES;
				CLANG_WARN_DIRECT_OBJC_ISA_USAGE = YES_ERROR;
				CLANG_WARN_DOCUMENTATION_COMMENTS = YES;
				CLANG_WARN_EMPTY_BODY = YES;
				CLANG_WARN_ENUM_CONVERSION = YES;
				CLANG_WARN_INFINITE_RECURSION = YES;
				CLANG_WARN_INT_CONVERSION = YES;
				CLANG_WARN_NON_LITERAL_NULL_CONVERSION = YES;
				CLANG_WARN_OBJC_IMPLICIT_RETAIN_SELF = YES;
				CLANG_WARN_OBJC_LITERAL_CONVERSION = YES;
				CLANG_WARN_OBJC_ROOT_CLASS = YES_ERROR;
				CLANG_WARN_QUOTED_INCLUDE_IN_FRAMEWORK_HEADER = YES;
				CLANG_WARN_RANGE_LOOP_ANALYSIS = YES;
				CLANG_WARN_STRICT_PROTOTYPES = YES;
				CLANG_WARN_SUSPICIOUS_MOVE = YES;
				CLANG_WARN_UNGUARDED_AVAILABILITY = YES_AGGRESSIVE;
				CLANG_WARN_UNREACHABLE_CODE = YES;
				CLANG_WARN__DUPLICATE_METHOD_MATCH = YES;
				COPY_PHASE_STRIP = NO;
				DEBUG_INFORMATION_FORMAT = "dwarf-with-dsym";
				DEVELOPMENT_TEAM = 46748U3BA4;
				ENABLE_NS_ASSERTIONS = NO;
				ENABLE_STRICT_OBJC_MSGSEND = YES;
				ENABLE_USER_SCRIPT_SANDBOXING = YES;
				GCC_C_LANGUAGE_STANDARD = gnu17;
				GCC_NO_COMMON_BLOCKS = YES;
				GCC_WARN_64_TO_32_BIT_CONVERSION = YES;
				GCC_WARN_ABOUT_RETURN_TYPE = YES_ERROR;
				GCC_WARN_UNDECLARED_SELECTOR = YES;
				GCC_WARN_UNINITIALIZED_AUTOS = YES_AGGRESSIVE;
				GCC_WARN_UNUSED_FUNCTION = YES;
				GCC_WARN_UNUSED_VARIABLE = YES;
				IPHONEOS_DEPLOYMENT_TARGET = 26.1;
				LOCALIZATION_PREFERS_STRING_CATALOGS = YES;
				MTL_ENABLE_DEBUG_INFO = NO;
				MTL_FAST_MATH = YES;
				SDKROOT = iphoneos;
				STRING_CATALOG_GENERATE_SYMBOLS = YES;
				SWIFT_COMPILATION_MODE = wholemodule;
				SWIFT_EMIT_LOC_STRINGS = YES;
				VALIDATE_PRODUCT = YES;
			};
			name = Release;
		};
		03D0164E2EE74431006CDCCD /* Debug */ = {
			isa = XCBuildConfiguration;
			buildSettings = {
				ASSETCATALOG_COMPILER_APPICON_NAME = AppIcon;
				ASSETCATALOG_COMPILER_GLOBAL_ACCENT_COLOR_NAME = AccentColor;
				CODE_SIGN_STYLE = Automatic;
				CURRENT_PROJECT_VERSION = 1;
				DEVELOPMENT_TEAM = 46748U3BA4;
				ENABLE_PREVIEWS = YES;
				GENERATE_INFOPLIST_FILE = YES;
				INFOPLIST_KEY_CFBundleDisplayName = WikiPlaces;
				INFOPLIST_KEY_LSApplicationCategoryType = "public.app-category.utilities";
				INFOPLIST_KEY_UIApplicationSceneManifest_Generation = YES;
				INFOPLIST_KEY_UIApplicationSupportsIndirectInputEvents = YES;
				INFOPLIST_KEY_UILaunchScreen_Generation = YES;
				INFOPLIST_KEY_UISupportedInterfaceOrientations = "UIInterfaceOrientationLandscapeLeft UIInterfaceOrientationLandscapeRight UIInterfaceOrientationPortrait UIInterfaceOrientationPortraitUpsideDown";
				IPHONEOS_DEPLOYMENT_TARGET = 16.6;
				LD_RUNPATH_SEARCH_PATHS = (
					"$(inherited)",
					"@executable_path/Frameworks",
				);
				MARKETING_VERSION = 1.0;
				PRODUCT_BUNDLE_IDENTIFIER = nl.eliteapps.WikiPlaces;
				PRODUCT_NAME = "$(TARGET_NAME)";
				STRING_CATALOG_GENERATE_SYMBOLS = YES;
				SWIFT_APPROACHABLE_CONCURRENCY = YES;
				SWIFT_DEFAULT_ACTOR_ISOLATION = MainActor;
				SWIFT_EMIT_LOC_STRINGS = YES;
				SWIFT_UPCOMING_FEATURE_MEMBER_IMPORT_VISIBILITY = YES;
				SWIFT_VERSION = 5.0;
				TARGETED_DEVICE_FAMILY = "1,2";
			};
			name = Debug;
		};
		03D0164F2EE74431006CDCCD /* Release */ = {
			isa = XCBuildConfiguration;
			buildSettings = {
				ASSETCATALOG_COMPILER_APPICON_NAME = AppIcon;
				ASSETCATALOG_COMPILER_GLOBAL_ACCENT_COLOR_NAME = AccentColor;
				CODE_SIGN_STYLE = Automatic;
				CURRENT_PROJECT_VERSION = 1;
				DEVELOPMENT_TEAM = 46748U3BA4;
				ENABLE_PREVIEWS = YES;
				GENERATE_INFOPLIST_FILE = YES;
				INFOPLIST_KEY_CFBundleDisplayName = WikiPlaces;
				INFOPLIST_KEY_LSApplicationCategoryType = "public.app-category.utilities";
				INFOPLIST_KEY_UIApplicationSceneManifest_Generation = YES;
				INFOPLIST_KEY_UIApplicationSupportsIndirectInputEvents = YES;
				INFOPLIST_KEY_UILaunchScreen_Generation = YES;
				INFOPLIST_KEY_UISupportedInterfaceOrientations = "UIInterfaceOrientationLandscapeLeft UIInterfaceOrientationLandscapeRight UIInterfaceOrientationPortrait UIInterfaceOrientationPortraitUpsideDown";
				IPHONEOS_DEPLOYMENT_TARGET = 16.6;
				LD_RUNPATH_SEARCH_PATHS = (
					"$(inherited)",
					"@executable_path/Frameworks",
				);
				MARKETING_VERSION = 1.0;
				PRODUCT_BUNDLE_IDENTIFIER = nl.eliteapps.WikiPlaces;
				PRODUCT_NAME = "$(TARGET_NAME)";
				STRING_CATALOG_GENERATE_SYMBOLS = YES;
				SWIFT_APPROACHABLE_CONCURRENCY = YES;
				SWIFT_DEFAULT_ACTOR_ISOLATION = MainActor;
				SWIFT_EMIT_LOC_STRINGS = YES;
				SWIFT_UPCOMING_FEATURE_MEMBER_IMPORT_VISIBILITY = YES;
				SWIFT_VERSION = 5.0;
				TARGETED_DEVICE_FAMILY = "1,2";
			};
			name = Release;
		};
		03D016512EE74431006CDCCD /* Debug */ = {
			isa = XCBuildConfiguration;
			buildSettings = {
				BUNDLE_LOADER = "$(TEST_HOST)";
				CODE_SIGN_STYLE = Automatic;
				CURRENT_PROJECT_VERSION = 1;
				DEVELOPMENT_TEAM = 46748U3BA4;
				GENERATE_INFOPLIST_FILE = YES;
				IPHONEOS_DEPLOYMENT_TARGET = 16.6;
				MARKETING_VERSION = 1.0;
				PRODUCT_BUNDLE_IDENTIFIER = nl.eliteapps.WikiPlacesTests;
				PRODUCT_NAME = "$(TARGET_NAME)";
				STRING_CATALOG_GENERATE_SYMBOLS = NO;
				SWIFT_APPROACHABLE_CONCURRENCY = YES;
				SWIFT_EMIT_LOC_STRINGS = NO;
				SWIFT_UPCOMING_FEATURE_MEMBER_IMPORT_VISIBILITY = YES;
				SWIFT_VERSION = 5.0;
				TARGETED_DEVICE_FAMILY = "1,2";
				TEST_HOST = "$(BUILT_PRODUCTS_DIR)/WikiPlaces.app/$(BUNDLE_EXECUTABLE_FOLDER_PATH)/WikiPlaces";
			};
			name = Debug;
		};
		03D016522EE74431006CDCCD /* Release */ = {
			isa = XCBuildConfiguration;
			buildSettings = {
				BUNDLE_LOADER = "$(TEST_HOST)";
				CODE_SIGN_STYLE = Automatic;
				CURRENT_PROJECT_VERSION = 1;
				DEVELOPMENT_TEAM = 46748U3BA4;
				GENERATE_INFOPLIST_FILE = YES;
				IPHONEOS_DEPLOYMENT_TARGET = 16.6;
				MARKETING_VERSION = 1.0;
				PRODUCT_BUNDLE_IDENTIFIER = nl.eliteapps.WikiPlacesTests;
				PRODUCT_NAME = "$(TARGET_NAME)";
				STRING_CATALOG_GENERATE_SYMBOLS = NO;
				SWIFT_APPROACHABLE_CONCURRENCY = YES;
				SWIFT_EMIT_LOC_STRINGS = NO;
				SWIFT_UPCOMING_FEATURE_MEMBER_IMPORT_VISIBILITY = YES;
				SWIFT_VERSION = 5.0;
				TARGETED_DEVICE_FAMILY = "1,2";
				TEST_HOST = "$(BUILT_PRODUCTS_DIR)/WikiPlaces.app/$(BUNDLE_EXECUTABLE_FOLDER_PATH)/WikiPlaces";
			};
			name = Release;
		};
		03D016542EE74431006CDCCD /* Debug */ = {
			isa = XCBuildConfiguration;
			buildSettings = {
				CODE_SIGN_STYLE = Automatic;
				CURRENT_PROJECT_VERSION = 1;
				DEVELOPMENT_TEAM = 46748U3BA4;
				GENERATE_INFOPLIST_FILE = YES;
				IPHONEOS_DEPLOYMENT_TARGET = 16.6;
				MARKETING_VERSION = 1.0;
				PRODUCT_BUNDLE_IDENTIFIER = nl.eliteapps.WikiPlacesUITests;
				PRODUCT_NAME = "$(TARGET_NAME)";
				STRING_CATALOG_GENERATE_SYMBOLS = NO;
				SWIFT_APPROACHABLE_CONCURRENCY = YES;
				SWIFT_EMIT_LOC_STRINGS = NO;
				SWIFT_UPCOMING_FEATURE_MEMBER_IMPORT_VISIBILITY = YES;
				SWIFT_VERSION = 5.0;
				TARGETED_DEVICE_FAMILY = "1,2";
				TEST_TARGET_NAME = WikiPlaces;
			};
			name = Debug;
		};
		03D016552EE74431006CDCCD /* Release */ = {
			isa = XCBuildConfiguration;
			buildSettings = {
				CODE_SIGN_STYLE = Automatic;
				CURRENT_PROJECT_VERSION = 1;
				DEVELOPMENT_TEAM = 46748U3BA4;
				GENERATE_INFOPLIST_FILE = YES;
				IPHONEOS_DEPLOYMENT_TARGET = 16.6;
				MARKETING_VERSION = 1.0;
				PRODUCT_BUNDLE_IDENTIFIER = nl.eliteapps.WikiPlacesUITests;
				PRODUCT_NAME = "$(TARGET_NAME)";
				STRING_CATALOG_GENERATE_SYMBOLS = NO;
				SWIFT_APPROACHABLE_CONCURRENCY = YES;
				SWIFT_EMIT_LOC_STRINGS = NO;
				SWIFT_UPCOMING_FEATURE_MEMBER_IMPORT_VISIBILITY = YES;
				SWIFT_VERSION = 5.0;
				TARGETED_DEVICE_FAMILY = "1,2";
				TEST_TARGET_NAME = WikiPlaces;
			};
			name = Release;
		};
/* End XCBuildConfiguration section */

/* Begin XCConfigurationList section */
		03D016272EE7442F006CDCCD /* Build configuration list for PBXProject "WikiPlaces" */ = {
			isa = XCConfigurationList;
			buildConfigurations = (
				03D0164B2EE74431006CDCCD /* Debug */,
				03D0164C2EE74431006CDCCD /* Release */,
			);
			defaultConfigurationIsVisible = 0;
			defaultConfigurationName = Release;
		};
		03D0164D2EE74431006CDCCD /* Build configuration list for PBXNativeTarget "WikiPlaces" */ = {
			isa = XCConfigurationList;
			buildConfigurations = (
				03D0164E2EE74431006CDCCD /* Debug */,
				03D0164F2EE74431006CDCCD /* Release */,
			);
			defaultConfigurationIsVisible = 0;
			defaultConfigurationName = Release;
		};
		03D016502EE74431006CDCCD /* Build configuration list for PBXNativeTarget "WikiPlacesTests" */ = {
			isa = XCConfigurationList;
			buildConfigurations = (
				03D016512EE74431006CDCCD /* Debug */,
				03D016522EE74431006CDCCD /* Release */,
			);
			defaultConfigurationIsVisible = 0;
			defaultConfigurationName = Release;
		};
		03D016532EE74431006CDCCD /* Build configuration list for PBXNativeTarget "WikiPlacesUITests" */ = {
			isa = XCConfigurationList;
			buildConfigurations = (
				03D016542EE74431006CDCCD /* Debug */,
				03D016552EE74431006CDCCD /* Release */,
			);
			defaultConfigurationIsVisible = 0;
			defaultConfigurationName = Release;
		};
/* End XCConfigurationList section */

/* Begin XCSwiftPackageProductDependency section */
		03C1D0442EE8B07D009E70C2 /* DataLayer */ = {
			isa = XCSwiftPackageProductDependency;
			productName = DataLayer;
		};
		03C1D0462EE8B081009E70C2 /* DomainLayer */ = {
			isa = XCSwiftPackageProductDependency;
			productName = DomainLayer;
		};
/* End XCSwiftPackageProductDependency section */
	};
	rootObject = 03D016242EE7442F006CDCCD /* Project object */;
}
